Microsoft Visual Studio Solution File, Format Version 12.00
# Visual Studio 15
VisualStudioVersion = 15.0.28307.1145
MinimumVisualStudioVersion = 10.0.40219.1
Project("{8BC9CEB8-8B4A-11D0-8D11-00A0C91BC942}") = "GammaTradeApp", "GTApp\GTApp.vcxproj", "{C6B65D7D-C682-4DDB-9A7B-6912B5D9F5B7}"
EndProject
Project("{888888A0-9F3D-457C-B088-3A5042F75D52}") = "Login Module", "PythonApplication2\Login Module.pyproj", "{AFBD65E5-B1A6-4A21-AF62-D49B9EA0EE9B}"
EndProject
Global
	GlobalSection(SolutionConfigurationPlatforms) = preSolution
		Debug|Any CPU = Debug|Any CPU
		Debug|x64 = Debug|x64
		Debug|x86 = Debug|x86
		Release|Any CPU = Release|Any CPU
		Release|x64 = Release|x64
		Release|x86 = Release|x86
	EndGlobalSection
	GlobalSection(ProjectConfigurationPlatforms) = postSolution
		{C6B65D7D-C682-4DDB-9A7B-6912B5D9F5B7}.Debug|Any CPU.ActiveCfg = Debug|Win32
		{C6B65D7D-C682-4DDB-9A7B-6912B5D9F5B7}.Debug|x64.ActiveCfg = Debug|x64
		{C6B65D7D-C682-4DDB-9A7B-6912B5D9F5B7}.Debug|x64.Build.0 = Debug|x64
		{C6B65D7D-C682-4DDB-9A7B-6912B5D9F5B7}.Debug|x86.ActiveCfg = Debug|Win32
		{C6B65D7D-C682-4DDB-9A7B-6912B5D9F5B7}.Debug|x86.Build.0 = Debug|Win32
		{C6B65D7D-C682-4DDB-9A7B-6912B5D9F5B7}.Release|Any CPU.ActiveCfg = Release|Win32
		{C6B65D7D-C682-4DDB-9A7B-6912B5D9F5B7}.Release|x64.ActiveCfg = Release|x64
		{C6B65D7D-C682-4DDB-9A7B-6912B5D9F5B7}.Release|x64.Build.0 = Release|x64
		{C6B65D7D-C682-4DDB-9A7B-6912B5D9F5B7}.Release|x86.ActiveCfg = Release|Win32
		{C6B65D7D-C682-4DDB-9A7B-6912B5D9F5B7}.Release|x86.Build.0 = Release|Win32
		{AFBD65E5-B1A6-4A21-AF62-D49B9EA0EE9B}.Debug|Any CPU.ActiveCfg = Debug|Any CPU
		{AFBD65E5-B1A6-4A21-AF62-D49B9EA0EE9B}.Debug|x64.ActiveCfg = Debug|Any CPU
		{AFBD65E5-B1A6-4A21-AF62-D49B9EA0EE9B}.Debug|x86.ActiveCfg = Debug|Any CPU
		{AFBD65E5-B1A6-4A21-AF62-D49B9EA0EE9B}.Release|Any CPU.ActiveCfg = Release|Any CPU
		{AFBD65E5-B1A6-4A21-AF62-D49B9EA0EE9B}.Release|x64.ActiveCfg = Release|Any CPU
		{AFBD65E5-B1A6-4A21-AF62-D49B9EA0EE9B}.Release|x86.ActiveCfg = Release|Any CPU
	EndGlobalSection
	GlobalSection(SolutionProperties) = preSolution
		HideSolutionNode = FALSE
	EndGlobalSection
	GlobalSection(ExtensibilityGlobals) = postSolution
		SolutionGuid = {42FB7C24-2305-4AEB-90CB-01E8B5AFB856}
	EndGlobalSection
EndGlobal
